
Microsoft Visual Studio Solution File, Format Version 12.00
# Visual Studio 15
VisualStudioVersion = 15.0.26124.0
MinimumVisualStudioVersion = 15.0.26124.0
Project("{FAE04EC0-301F-11D3-BF4B-00C04F79EFBC}") = "NeuroNet", "NeuroNetPrac\NeuroNet.csproj", "{8F529A75-419C-45FD-A9DC-EEE8742FC893}"
EndProject
Project("{FAE04EC0-301F-11D3-BF4B-00C04F79EFBC}") = "Common", "Common\Common.csproj", "{FED0504A-EE42-45CA-B335-6B66F2FC148A}"
EndProject
Project("{FAE04EC0-301F-11D3-BF4B-00C04F79EFBC}") = "ImageHelper", "ImageHelper\ImageHelper.csproj", "{7FF63C3D-AB36-4F68-9FFE-2C9D49283E5B}"
EndProject
Project("{FAE04EC0-301F-11D3-BF4B-00C04F79EFBC}") = "DogsBreedRecognition", "DogsBreedRecognition\DogsBreedRecognition.csproj", "{42127618-E882-4561-83BD-7AA3680FD040}"
EndProject
Global
	GlobalSection(SolutionConfigurationPlatforms) = preSolution
		Debug|Any CPU = Debug|Any CPU
		Debug|x64 = Debug|x64
		Debug|x86 = Debug|x86
		Release|Any CPU = Release|Any CPU
		Release|x64 = Release|x64
		Release|x86 = Release|x86
	EndGlobalSection
	GlobalSection(SolutionProperties) = preSolution
		HideSolutionNode = FALSE
	EndGlobalSection
	GlobalSection(ProjectConfigurationPlatforms) = postSolution
		{8F529A75-419C-45FD-A9DC-EEE8742FC893}.Debug|Any CPU.ActiveCfg = Debug|Any CPU
		{8F529A75-419C-45FD-A9DC-EEE8742FC893}.Debug|Any CPU.Build.0 = Debug|Any CPU
		{8F529A75-419C-45FD-A9DC-EEE8742FC893}.Debug|x64.ActiveCfg = Debug|Any CPU
		{8F529A75-419C-45FD-A9DC-EEE8742FC893}.Debug|x64.Build.0 = Debug|Any CPU
		{8F529A75-419C-45FD-A9DC-EEE8742FC893}.Debug|x86.ActiveCfg = Debug|Any CPU
		{8F529A75-419C-45FD-A9DC-EEE8742FC893}.Debug|x86.Build.0 = Debug|Any CPU
		{8F529A75-419C-45FD-A9DC-EEE8742FC893}.Release|Any CPU.ActiveCfg = Release|Any CPU
		{8F529A75-419C-45FD-A9DC-EEE8742FC893}.Release|Any CPU.Build.0 = Release|Any CPU
		{8F529A75-419C-45FD-A9DC-EEE8742FC893}.Release|x64.ActiveCfg = Release|Any CPU
		{8F529A75-419C-45FD-A9DC-EEE8742FC893}.Release|x64.Build.0 = Release|Any CPU
		{8F529A75-419C-45FD-A9DC-EEE8742FC893}.Release|x86.ActiveCfg = Release|Any CPU
		{8F529A75-419C-45FD-A9DC-EEE8742FC893}.Release|x86.Build.0 = Release|Any CPU
		{FED0504A-EE42-45CA-B335-6B66F2FC148A}.Debug|Any CPU.ActiveCfg = Debug|Any CPU
		{FED0504A-EE42-45CA-B335-6B66F2FC148A}.Debug|Any CPU.Build.0 = Debug|Any CPU
		{FED0504A-EE42-45CA-B335-6B66F2FC148A}.Debug|x64.ActiveCfg = Debug|Any CPU
		{FED0504A-EE42-45CA-B335-6B66F2FC148A}.Debug|x64.Build.0 = Debug|Any CPU
		{FED0504A-EE42-45CA-B335-6B66F2FC148A}.Debug|x86.ActiveCfg = Debug|Any CPU
		{FED0504A-EE42-45CA-B335-6B66F2FC148A}.Debug|x86.Build.0 = Debug|Any CPU
		{FED0504A-EE42-45CA-B335-6B66F2FC148A}.Release|Any CPU.ActiveCfg = Release|Any CPU
		{FED0504A-EE42-45CA-B335-6B66F2FC148A}.Release|Any CPU.Build.0 = Release|Any CPU
		{FED0504A-EE42-45CA-B335-6B66F2FC148A}.Release|x64.ActiveCfg = Release|Any CPU
		{FED0504A-EE42-45CA-B335-6B66F2FC148A}.Release|x64.Build.0 = Release|Any CPU
		{FED0504A-EE42-45CA-B335-6B66F2FC148A}.Release|x86.ActiveCfg = Release|Any CPU
		{FED0504A-EE42-45CA-B335-6B66F2FC148A}.Release|x86.Build.0 = Release|Any CPU
		{7FF63C3D-AB36-4F68-9FFE-2C9D49283E5B}.Debug|Any CPU.ActiveCfg = Debug|Any CPU
		{7FF63C3D-AB36-4F68-9FFE-2C9D49283E5B}.Debug|Any CPU.Build.0 = Debug|Any CPU
		{7FF63C3D-AB36-4F68-9FFE-2C9D49283E5B}.Debug|x64.ActiveCfg = Debug|Any CPU
		{7FF63C3D-AB36-4F68-9FFE-2C9D49283E5B}.Debug|x64.Build.0 = Debug|Any CPU
		{7FF63C3D-AB36-4F68-9FFE-2C9D49283E5B}.Debug|x86.ActiveCfg = Debug|Any CPU
		{7FF63C3D-AB36-4F68-9FFE-2C9D49283E5B}.Debug|x86.Build.0 = Debug|Any CPU
		{7FF63C3D-AB36-4F68-9FFE-2C9D49283E5B}.Release|Any CPU.ActiveCfg = Release|Any CPU
		{7FF63C3D-AB36-4F68-9FFE-2C9D49283E5B}.Release|Any CPU.Build.0 = Release|Any CPU
		{7FF63C3D-AB36-4F68-9FFE-2C9D49283E5B}.Release|x64.ActiveCfg = Release|Any CPU
		{7FF63C3D-AB36-4F68-9FFE-2C9D49283E5B}.Release|x64.Build.0 = Release|Any CPU
		{7FF63C3D-AB36-4F68-9FFE-2C9D49283E5B}.Release|x86.ActiveCfg = Release|Any CPU
		{7FF63C3D-AB36-4F68-9FFE-2C9D49283E5B}.Release|x86.Build.0 = Release|Any CPU
		{42127618-E882-4561-83BD-7AA3680FD040}.Debug|Any CPU.ActiveCfg = Debug|Any CPU
		{42127618-E882-4561-83BD-7AA3680FD040}.Debug|Any CPU.Build.0 = Debug|Any CPU
		{42127618-E882-4561-83BD-7AA3680FD040}.Debug|x64.ActiveCfg = Debug|Any CPU
		{42127618-E882-4561-83BD-7AA3680FD040}.Debug|x64.Build.0 = Debug|Any CPU
		{42127618-E882-4561-83BD-7AA3680FD040}.Debug|x86.ActiveCfg = Debug|Any CPU
		{42127618-E882-4561-83BD-7AA3680FD040}.Debug|x86.Build.0 = Debug|Any CPU
		{42127618-E882-4561-83BD-7AA3680FD040}.Release|Any CPU.ActiveCfg = Release|Any CPU
		{42127618-E882-4561-83BD-7AA3680FD040}.Release|Any CPU.Build.0 = Release|Any CPU
		{42127618-E882-4561-83BD-7AA3680FD040}.Release|x64.ActiveCfg = Release|Any CPU
		{42127618-E882-4561-83BD-7AA3680FD040}.Release|x64.Build.0 = Release|Any CPU
		{42127618-E882-4561-83BD-7AA3680FD040}.Release|x86.ActiveCfg = Release|Any CPU
		{42127618-E882-4561-83BD-7AA3680FD040}.Release|x86.Build.0 = Release|Any CPU
	EndGlobalSection
EndGlobal
